
Microsoft Visual Studio Solution File, Format Version 12.00
Project("{FAE04EC0-301F-11D3-BF4B-00C04F79EFBC}") = "FirstApp", "FirstApp\FirstApp.csproj", "{8B06C31C-B64B-49BC-933A-47CD9E7DC144}"
EndProject
Global
	GlobalSection(SolutionConfigurationPlatforms) = preSolution
		Debug|Any CPU = Debug|Any CPU
		Release|Any CPU = Release|Any CPU
	EndGlobalSection
	GlobalSection(ProjectConfigurationPlatforms) = postSolution
		{8B06C31C-B64B-49BC-933A-47CD9E7DC144}.Debug|Any CPU.ActiveCfg = Debug|Any CPU
		{8B06C31C-B64B-49BC-933A-47CD9E7DC144}.Debug|Any CPU.Build.0 = Debug|Any CPU
		{8B06C31C-B64B-49BC-933A-47CD9E7DC144}.Release|Any CPU.ActiveCfg = Release|Any CPU
		{8B06C31C-B64B-49BC-933A-47CD9E7DC144}.Release|Any CPU.Build.0 = Release|Any CPU
	EndGlobalSection
EndGlobal
